
Microsoft Visual Studio Solution File, Format Version 12.00
Project("{FAE04EC0-301F-11D3-BF4B-00C04F79EFBC}") = "Core", "Core\Core.csproj", "{6E987107-31C1-4400-B0C0-B3312FB7601B}"
EndProject
Project("{FAE04EC0-301F-11D3-BF4B-00C04F79EFBC}") = "CoreTest", "CoreTest\CoreTest.csproj", "{7A815DBD-7FCF-4BE5-8C86-BE6E1CC36123}"
EndProject
Project("{FAE04EC0-301F-11D3-BF4B-00C04F79EFBC}") = "CLI", "CLI\CLI.csproj", "{C28FCE25-1931-4647-8757-1D0AC20B5939}"
EndProject
Global
	GlobalSection(SolutionConfigurationPlatforms) = preSolution
		Debug|Any CPU = Debug|Any CPU
		Release|Any CPU = Release|Any CPU
	EndGlobalSection
	GlobalSection(ProjectConfigurationPlatforms) = postSolution
		{6E987107-31C1-4400-B0C0-B3312FB7601B}.Debug|Any CPU.ActiveCfg = Debug|Any CPU
		{6E987107-31C1-4400-B0C0-B3312FB7601B}.Debug|Any CPU.Build.0 = Debug|Any CPU
		{6E987107-31C1-4400-B0C0-B3312FB7601B}.Release|Any CPU.ActiveCfg = Release|Any CPU
		{6E987107-31C1-4400-B0C0-B3312FB7601B}.Release|Any CPU.Build.0 = Release|Any CPU
		{7A815DBD-7FCF-4BE5-8C86-BE6E1CC36123}.Debug|Any CPU.ActiveCfg = Debug|Any CPU
		{7A815DBD-7FCF-4BE5-8C86-BE6E1CC36123}.Debug|Any CPU.Build.0 = Debug|Any CPU
		{7A815DBD-7FCF-4BE5-8C86-BE6E1CC36123}.Release|Any CPU.ActiveCfg = Release|Any CPU
		{7A815DBD-7FCF-4BE5-8C86-BE6E1CC36123}.Release|Any CPU.Build.0 = Release|Any CPU
		{C28FCE25-1931-4647-8757-1D0AC20B5939}.Debug|Any CPU.ActiveCfg = Debug|Any CPU
		{C28FCE25-1931-4647-8757-1D0AC20B5939}.Debug|Any CPU.Build.0 = Debug|Any CPU
		{C28FCE25-1931-4647-8757-1D0AC20B5939}.Release|Any CPU.ActiveCfg = Release|Any CPU
		{C28FCE25-1931-4647-8757-1D0AC20B5939}.Release|Any CPU.Build.0 = Release|Any CPU
	EndGlobalSection
EndGlobal
